
Microsoft Visual Studio Solution File, Format Version 12.00
# Visual Studio Version 17
VisualStudioVersion = 17.8.34511.84
MinimumVisualStudioVersion = 10.0.40219.1
Project("{FAE04EC0-301F-11D3-BF4B-00C04F79EFBC}") = "örnek 3", "örnek 3\örnek 3.csproj", "{448C405B-DC4A-4EF3-BFD2-9A1F6F32834C}"
EndProject
Global
	GlobalSection(SolutionConfigurationPlatforms) = preSolution
		Debug|Any CPU = Debug|Any CPU
		Release|Any CPU = Release|Any CPU
	EndGlobalSection
	GlobalSection(ProjectConfigurationPlatforms) = postSolution
		{448C405B-DC4A-4EF3-BFD2-9A1F6F32834C}.Debug|Any CPU.ActiveCfg = Debug|Any CPU
		{448C405B-DC4A-4EF3-BFD2-9A1F6F32834C}.Debug|Any CPU.Build.0 = Debug|Any CPU
		{448C405B-DC4A-4EF3-BFD2-9A1F6F32834C}.Release|Any CPU.ActiveCfg = Release|Any CPU
		{448C405B-DC4A-4EF3-BFD2-9A1F6F32834C}.Release|Any CPU.Build.0 = Release|Any CPU
	EndGlobalSection
	GlobalSection(SolutionProperties) = preSolution
		HideSolutionNode = FALSE
	EndGlobalSection
	GlobalSection(ExtensibilityGlobals) = postSolution
		SolutionGuid = {9CA0EB6D-AB0A-43CD-804A-0F48E797437B}
	EndGlobalSection
EndGlobal
